PODS:
  - CSV.swift (2.1.0)
  - SWXMLHash (4.0.0)

DEPENDENCIES:
  - CSV.swift (~> 2.1.0)
  - SWXMLHash (~> 4.0.0)

SPEC CHECKSUMS:
  CSV.swift: a24fb11c17875523783fe963592762ff163ef8ea
  SWXMLHash: 6bbc0bf72975a18ceda469fb7d6a886a26d81694

PODFILE CHECKSUM: 8e694c1f40c4a32734abc4f5376dd0fd414db04b

COCOAPODS: 1.2.1
